
Microsoft Visual Studio Solution File, Format Version 12.00
# Visual Studio Version 17
VisualStudioVersion = 17.0.31919.166
MinimumVisualStudioVersion = 10.0.40219.1
Project("{9A19103F-16F7-4668-BE54-9A1E7A4F7556}") = "ConsoleApp4", "ConsoleApp4.csproj", "{38B5F61E-5BBD-4FBE-949D-8918D35CDF2C}"
EndProject
Project("{FAE04EC0-301F-11D3-BF4B-00C04F79EFBC}") = "GeometryFigures", "GeometryFigures\GeometryFigures.csproj", "{7A8AF6DE-887E-49EF-AB28-34C4B86A86F5}"
EndProject
Project("{FAE04EC0-301F-11D3-BF4B-00C04F79EFBC}") = "GeometryFiguresTests", "GeometryFiguresTests\GeometryFiguresTests.csproj", "{9318AF68-7C4B-4B03-8B84-4F1153427C9B}"
EndProject
Global
	GlobalSection(SolutionConfigurationPlatforms) = preSolution
		Debug|Any CPU = Debug|Any CPU
		Release|Any CPU = Release|Any CPU
	EndGlobalSection
	GlobalSection(ProjectConfigurationPlatforms) = postSolution
		{38B5F61E-5BBD-4FBE-949D-8918D35CDF2C}.Debug|Any CPU.ActiveCfg = Debug|Any CPU
		{38B5F61E-5BBD-4FBE-949D-8918D35CDF2C}.Debug|Any CPU.Build.0 = Debug|Any CPU
		{38B5F61E-5BBD-4FBE-949D-8918D35CDF2C}.Release|Any CPU.ActiveCfg = Release|Any CPU
		{38B5F61E-5BBD-4FBE-949D-8918D35CDF2C}.Release|Any CPU.Build.0 = Release|Any CPU
		{7A8AF6DE-887E-49EF-AB28-34C4B86A86F5}.Debug|Any CPU.ActiveCfg = Debug|Any CPU
		{7A8AF6DE-887E-49EF-AB28-34C4B86A86F5}.Debug|Any CPU.Build.0 = Debug|Any CPU
		{7A8AF6DE-887E-49EF-AB28-34C4B86A86F5}.Release|Any CPU.ActiveCfg = Release|Any CPU
		{7A8AF6DE-887E-49EF-AB28-34C4B86A86F5}.Release|Any CPU.Build.0 = Release|Any CPU
		{9318AF68-7C4B-4B03-8B84-4F1153427C9B}.Debug|Any CPU.ActiveCfg = Debug|Any CPU
		{9318AF68-7C4B-4B03-8B84-4F1153427C9B}.Debug|Any CPU.Build.0 = Debug|Any CPU
		{9318AF68-7C4B-4B03-8B84-4F1153427C9B}.Release|Any CPU.ActiveCfg = Release|Any CPU
		{9318AF68-7C4B-4B03-8B84-4F1153427C9B}.Release|Any CPU.Build.0 = Release|Any CPU
	EndGlobalSection
	GlobalSection(SolutionProperties) = preSolution
		HideSolutionNode = FALSE
	EndGlobalSection
	GlobalSection(ExtensibilityGlobals) = postSolution
		SolutionGuid = {0C6C1AD2-A915-43E9-9C9E-5E913B4F58AB}
	EndGlobalSection
EndGlobal
